
Microsoft Visual Studio Solution File, Format Version 12.00
# Visual Studio Version 16
VisualStudioVersion = 16.0.31005.135
MinimumVisualStudioVersion = 10.0.40219.1
Project("{FAE04EC0-301F-11D3-BF4B-00C04F79EFBC}") = "Lab_4", "Lab_4.csproj", "{011DEC3C-0157-4D49-BAFD-9AB990362A78}"
EndProject
Global
	GlobalSection(SolutionConfigurationPlatforms) = preSolution
		Debug|Any CPU = Debug|Any CPU
		Release|Any CPU = Release|Any CPU
	EndGlobalSection
	GlobalSection(ProjectConfigurationPlatforms) = postSolution
		{011DEC3C-0157-4D49-BAFD-9AB990362A78}.Debug|Any CPU.ActiveCfg = Debug|Any CPU
		{011DEC3C-0157-4D49-BAFD-9AB990362A78}.Debug|Any CPU.Build.0 = Debug|Any CPU
		{011DEC3C-0157-4D49-BAFD-9AB990362A78}.Release|Any CPU.ActiveCfg = Release|Any CPU
		{011DEC3C-0157-4D49-BAFD-9AB990362A78}.Release|Any CPU.Build.0 = Release|Any CPU
	EndGlobalSection
	GlobalSection(SolutionProperties) = preSolution
		HideSolutionNode = FALSE
	EndGlobalSection
	GlobalSection(ExtensibilityGlobals) = postSolution
		SolutionGuid = {4D08923A-500C-41A7-A5E3-50E68DF1FF85}
	EndGlobalSection
EndGlobal
